version = 1
revision = 2
requires-python = ">=3.13"

[[package]]
name = "backend"
version = "0.1.0"
source = { virtual = "." }
dependencies = [
    { name = "beautifulsoup4" },
    { name = "joblib" },
    { name = "nltk" },
    { name = "playwright" },
    { name = "tqdm" },
]

[package.metadata]
requires-dist = [
    { name = "beautifulsoup4", specifier = ">=4.13.4" },
    { name = "joblib", specifier = ">=1.5.1" },
    { name = "nltk", specifier = ">=3.9.1" },
    { name = "playwright", specifier = ">=1.54.0" },
    { name = "tqdm", specifier = ">=4.67.1" },
]

[[package]]
name = "beautifulsoup4"
version = "4.13.4"
source = { registry = "https://pypi.org/simple" }
dependencies = [
    { name = "soupsieve" },
    { name = "typing-extensions" },
]
sdist = { url = "https://files.pythonhosted.org/packages/d8/e4/0c4c39e18fd76d6a628d4dd8da40543d136ce2d1752bd6eeeab0791f4d6b/beautifulsoup4-4.13.4.tar.gz", hash = "sha256:dbb3c4e1ceae6aefebdaf2423247260cd062430a410e38c66f2baa50a8437195", size = 621067, upload-time = "2025-04-15T17:05:13.836Z" }
wheels = [
    { url = "https://files.pythonhosted.org/packages/50/cd/30110dc0ffcf3b131156077b90e9f60ed75711223f306da4db08eff8403b/beautifulsoup4-4.13.4-py3-none-any.whl", hash = "sha256:9bbbb14bfde9d79f38b8cd5f8c7c85f4b8f2523190ebed90e950a8dea4cb1c4b", size = 187285, upload-time = "2025-04-15T17:05:12.221Z" },
]

[[package]]
name = "click"
version = "8.2.1"
source = { registry = "https://pypi.org/simple" }
dependencies = [
    { name = "colorama", marker = "sys_platform == 'win32'" },
]
sdist = { url = "https://files.pythonhosted.org/packages/60/6c/8ca2efa64cf75a977a0d7fac081354553ebe483345c734fb6b6515d96bbc/click-8.2.1.tar.gz", hash = "sha256:27c491cc05d968d271d5a1db13e3b5a184636d9d930f148c50b038f0d0646202", size = 286342, upload-time = "2025-05-20T23:19:49.832Z" }
wheels = [
    { url = "https://files.pythonhosted.org/packages/85/32/10bb5764d90a8eee674e9dc6f4db6a0ab47c8c4d0d83c27f7c39ac415a4d/click-8.2.1-py3-none-any.whl", hash = "sha256:61a3265b914e850b85317d0b3109c7f8cd35a670f963866005d6ef1d5175a12b", size = 102215, upload-time = "2025-05-20T23:19:47.796Z" },
]

[[package]]
name = "colorama"
version = "0.4.6"
source = { registry = "https://pypi.org/simple" }
sdist = { url = "https://files.pythonhosted.org/packages/d8/53/6f443c9a4a8358a93a6792e2acffb9d9d5cb0a5cfd8802644b7b1c9a02e4/colorama-0.4.6.tar.gz", hash = "sha256:08695f5cb7ed6e0531a20572697297273c47b8cae5a63ffc6d6ed5c201be6e44", size = 27697, upload-time = "2022-10-25T02:36:22.414Z" }
wheels = [
    { url = "https://files.pythonhosted.org/packages/d1/d6/3965ed04c63042e047cb6a3e6ed1a63a35087b6a609aa3a15ed8ac56c221/colorama-0.4.6-py2.py3-none-any.whl", hash = "sha256:4f1d9991f5acc0ca119f9d443620b77f9d6b33703e51011c16baf57afb285fc6", size = 25335, upload-time = "2022-10-25T02:36:20.889Z" },
]

[[package]]
name = "greenlet"
version = "3.2.4"
source = { registry = "https://pypi.org/simple" }
sdist = { url = "https://files.pythonhosted.org/packages/03/b8/704d753a5a45507a7aab61f18db9509302ed3d0a27ac7e0359ec2905b1a6/greenlet-3.2.4.tar.gz", hash = "sha256:0dca0d95ff849f9a364385f36ab49f50065d76964944638be9691e1832e9f86d", size = 188260, upload-time = "2025-08-07T13:24:33.51Z" }
wheels = [
    { url = "https://files.pythonhosted.org/packages/49/e8/58c7f85958bda41dafea50497cbd59738c5c43dbbea5ee83d651234398f4/greenlet-3.2.4-cp313-cp313-macosx_11_0_universal2.whl", hash = "sha256:1a921e542453fe531144e91e1feedf12e07351b1cf6c9e8a3325ea600a715a31", size = 272814, upload-time = "2025-08-07T13:15:50.011Z" },
    { url = "https://files.pythonhosted.org/packages/62/dd/b9f59862e9e257a16e4e610480cfffd29e3fae018a68c2332090b53aac3d/greenlet-3.2.4-cp313-cp313-manylinux2014_aarch64.manylinux_2_17_aarch64.whl", hash = "sha256:cd3c8e693bff0fff6ba55f140bf390fa92c994083f838fece0f63be121334945", size = 641073, upload-time = "2025-08-07T13:42:57.23Z" },
    { url = "https://files.pythonhosted.org/packages/f7/0b/bc13f787394920b23073ca3b6c4a7a21396301ed75a655bcb47196b50e6e/greenlet-3.2.4-cp313-cp313-manylinux2014_ppc64le.manylinux_2_17_ppc64le.whl", hash = "sha256:710638eb93b1fa52823aa91bf75326f9ecdfd5e0466f00789246a5280f4ba0fc", size = 655191, upload-time = "2025-08-07T13:45:29.752Z" },
    { url = "https://files.pythonhosted.org/packages/f2/d6/6adde57d1345a8d0f14d31e4ab9c23cfe8e2cd39c3baf7674b4b0338d266/greenlet-3.2.4-cp313-cp313-manylinux2014_s390x.manylinux_2_17_s390x.whl", hash = "sha256:c5111ccdc9c88f423426df3fd1811bfc40ed66264d35aa373420a34377efc98a", size = 649516, upload-time = "2025-08-07T13:53:16.314Z" },
    { url = "https://files.pythonhosted.org/packages/7f/3b/3a3328a788d4a473889a2d403199932be55b1b0060f4ddd96ee7cdfcad10/greenlet-3.2.4-cp313-cp313-manylinux2014_x86_64.manylinux_2_17_x86_64.whl", hash = "sha256:d76383238584e9711e20ebe14db6c88ddcedc1829a9ad31a584389463b5aa504", size = 652169, upload-time = "2025-08-07T13:18:32.861Z" },
    { url = "https://files.pythonhosted.org/packages/ee/43/3cecdc0349359e1a527cbf2e3e28e5f8f06d3343aaf82ca13437a9aa290f/greenlet-3.2.4-cp313-cp313-manylinux_2_24_x86_64.manylinux_2_28_x86_64.whl", hash = "sha256:23768528f2911bcd7e475210822ffb5254ed10d71f4028387e5a99b4c6699671", size = 610497, upload-time = "2025-08-07T13:18:31.636Z" },
    { url = "https://files.pythonhosted.org/packages/b8/19/06b6cf5d604e2c382a6f31cafafd6f33d5dea706f4db7bdab184bad2b21d/greenlet-3.2.4-cp313-cp313-musllinux_1_1_aarch64.whl", hash = "sha256:00fadb3fedccc447f517ee0d3fd8fe49eae949e1cd0f6a611818f4f6fb7dc83b", size = 1121662, upload-time = "2025-08-07T13:42:41.117Z" },
    { url = "https://files.pythonhosted.org/packages/a2/15/0d5e4e1a66fab130d98168fe984c509249c833c1a3c16806b90f253ce7b9/greenlet-3.2.4-cp313-cp313-musllinux_1_1_x86_64.whl", hash = "sha256:d25c5091190f2dc0eaa3f950252122edbbadbb682aa7b1ef2f8af0f8c0afefae", size = 1149210, upload-time = "2025-08-07T13:18:24.072Z" },
    { url = "https://files.pythonhosted.org/packages/0b/55/2321e43595e6801e105fcfdee02b34c0f996eb71e6ddffca6b10b7e1d771/greenlet-3.2.4-cp313-cp313-win_amd64.whl", hash = "sha256:554b03b6e73aaabec3745364d6239e9e012d64c68ccd0b8430c64ccc14939a8b", size = 299685, upload-time = "2025-08-07T13:24:38.824Z" },
    { url = "https://files.pythonhosted.org/packages/22/5c/85273fd7cc388285632b0498dbbab97596e04b154933dfe0f3e68156c68c/greenlet-3.2.4-cp314-cp314-macosx_11_0_universal2.whl", hash = "sha256:49a30d5fda2507ae77be16479bdb62a660fa51b1eb4928b524975b3bde77b3c0", size = 273586, upload-time = "2025-08-07T13:16:08.004Z" },
    { url = "https://files.pythonhosted.org/packages/d1/75/10aeeaa3da9332c2e761e4c50d4c3556c21113ee3f0afa2cf5769946f7a3/greenlet-3.2.4-cp314-cp314-manylinux2014_aarch64.manylinux_2_17_aarch64.whl", hash = "sha256:299fd615cd8fc86267b47597123e3f43ad79c9d8a22bebdce535e53550763e2f", size = 686346, upload-time = "2025-08-07T13:42:59.944Z" },
    { url = "https://files.pythonhosted.org/packages/c0/aa/687d6b12ffb505a4447567d1f3abea23bd20e73a5bed63871178e0831b7a/greenlet-3.2.4-cp314-cp314-manylinux2014_ppc64le.manylinux_2_17_ppc64le.whl", hash = "sha256:c17b6b34111ea72fc5a4e4beec9711d2226285f0386ea83477cbb97c30a3f3a5", size = 699218, upload-time = "2025-08-07T13:45:30.969Z" },
    { url = "https://files.pythonhosted.org/packages/dc/8b/29aae55436521f1d6f8ff4e12fb676f3400de7fcf27fccd1d4d17fd8fecd/greenlet-3.2.4-cp314-cp314-manylinux2014_s390x.manylinux_2_17_s390x.whl", hash = "sha256:b4a1870c51720687af7fa3e7cda6d08d801dae660f75a76f3845b642b4da6ee1", size = 694659, upload-time = "2025-08-07T13:53:17.759Z" },
    { url = "https://files.pythonhosted.org/packages/92/2e/ea25914b1ebfde93b6fc4ff46d6864564fba59024e928bdc7de475affc25/greenlet-3.2.4-cp314-cp314-manylinux2014_x86_64.manylinux_2_17_x86_64.whl", hash = "sha256:061dc4cf2c34852b052a8620d40f36324554bc192be474b9e9770e8c042fd735", size = 695355, upload-time = "2025-08-07T13:18:34.517Z" },
    { url = "https://files.pythonhosted.org/packages/72/60/fc56c62046ec17f6b0d3060564562c64c862948c9d4bc8aa807cf5bd74f4/greenlet-3.2.4-cp314-cp314-manylinux_2_24_x86_64.manylinux_2_28_x86_64.whl", hash = "sha256:44358b9bf66c8576a9f57a590d5f5d6e72fa4228b763d0e43fee6d3b06d3a337", size = 657512, upload-time = "2025-08-07T13:18:33.969Z" },
    { url = "https://files.pythonhosted.org/packages/e3/a5/6ddab2b4c112be95601c13428db1d8b6608a8b6039816f2ba09c346c08fc/greenlet-3.2.4-cp314-cp314-win_amd64.whl", hash = "sha256:e37ab26028f12dbb0ff65f29a8d3d44a765c61e729647bf2ddfbbed621726f01", size = 303425, upload-time = "2025-08-07T13:32:27.59Z" },
]

[[package]]
name = "joblib"
version = "1.5.1"
source = { registry = "https://pypi.org/simple" }
sdist = { url = "https://files.pythonhosted.org/packages/dc/fe/0f5a938c54105553436dbff7a61dc4fed4b1b2c98852f8833beaf4d5968f/joblib-1.5.1.tar.gz", hash = "sha256:f4f86e351f39fe3d0d32a9f2c3d8af1ee4cec285aafcb27003dda5205576b444", size = 330475, upload-time = "2025-05-23T12:04:37.097Z" }
wheels = [
    { url = "https://files.pythonhosted.org/packages/7d/4f/1195bbac8e0c2acc5f740661631d8d750dc38d4a32b23ee5df3cde6f4e0d/joblib-1.5.1-py3-none-any.whl", hash = "sha256:4719a31f054c7d766948dcd83e9613686b27114f190f717cec7eaa2084f8a74a", size = 307746, upload-time = "2025-05-23T12:04:35.124Z" },
]

[[package]]
name = "nltk"
version = "3.9.1"
source = { registry = "https://pypi.org/simple" }
dependencies = [
    { name = "click" },
    { name = "joblib" },
    { name = "regex" },
    { name = "tqdm" },
]
sdist = { url = "https://files.pythonhosted.org/packages/3c/87/db8be88ad32c2d042420b6fd9ffd4a149f9a0d7f0e86b3f543be2eeeedd2/nltk-3.9.1.tar.gz", hash = "sha256:87d127bd3de4bd89a4f81265e5fa59cb1b199b27440175370f7417d2bc7ae868", size = 2904691, upload-time = "2024-08-18T19:48:37.769Z" }
wheels = [
    { url = "https://files.pythonhosted.org/packages/4d/66/7d9e26593edda06e8cb531874633f7c2372279c3b0f46235539fe546df8b/nltk-3.9.1-py3-none-any.whl", hash = "sha256:4fa26829c5b00715afe3061398a8989dc643b92ce7dd93fb4585a70930d168a1", size = 1505442, upload-time = "2024-08-18T19:48:21.909Z" },
]

[[package]]
name = "playwright"
version = "1.54.0"
source = { registry = "https://pypi.org/simple" }
dependencies = [
    { name = "greenlet" },
    { name = "pyee" },
]
wheels = [
    { url = "https://files.pythonhosted.org/packages/f3/09/33d5bfe393a582d8dac72165a9e88b274143c9df411b65ece1cc13f42988/playwright-1.54.0-py3-none-macosx_10_13_x86_64.whl", hash = "sha256:bf3b845af744370f1bd2286c2a9536f474cc8a88dc995b72ea9a5be714c9a77d", size = 40439034, upload-time = "2025-07-22T13:58:04.816Z" },
    { url = "https://files.pythonhosted.org/packages/e1/7b/51882dc584f7aa59f446f2bb34e33c0e5f015de4e31949e5b7c2c10e54f0/playwright-1.54.0-py3-none-macosx_11_0_arm64.whl", hash = "sha256:780928b3ca2077aea90414b37e54edd0c4bbb57d1aafc42f7aa0b3fd2c2fac02", size = 38702308, upload-time = "2025-07-22T13:58:08.211Z" },
    { url = "https://files.pythonhosted.org/packages/73/a1/7aa8ae175b240c0ec8849fcf000e078f3c693f9aa2ffd992da6550ea0dff/playwright-1.54.0-py3-none-macosx_11_0_universal2.whl", hash = "sha256:81d0b6f28843b27f288cfe438af0a12a4851de57998009a519ea84cee6fbbfb9", size = 40439037, upload-time = "2025-07-22T13:58:11.37Z" },
    { url = "https://files.pythonhosted.org/packages/34/a9/45084fd23b6206f954198296ce39b0acf50debfdf3ec83a593e4d73c9c8a/playwright-1.54.0-py3-none-manylinux1_x86_64.whl", hash = "sha256:09919f45cc74c64afb5432646d7fef0d19fff50990c862cb8d9b0577093f40cc", size = 45920135, upload-time = "2025-07-22T13:58:14.494Z" },
    { url = "https://files.pythonhosted.org/packages/02/d4/6a692f4c6db223adc50a6e53af405b45308db39270957a6afebddaa80ea2/playwright-1.54.0-py3-none-manylinux_2_17_aarch64.manylinux2014_aarch64.whl", hash = "sha256:13ae206c55737e8e3eae51fb385d61c0312eeef31535643bb6232741b41b6fdc", size = 45302695, upload-time = "2025-07-22T13:58:18.901Z" },
    { url = "https://files.pythonhosted.org/packages/72/7a/4ee60a1c3714321db187bebbc40d52cea5b41a856925156325058b5fca5a/playwright-1.54.0-py3-none-win32.whl", hash = "sha256:0b108622ffb6906e28566f3f31721cd57dda637d7e41c430287804ac01911f56", size = 35469309, upload-time = "2025-07-22T13:58:21.917Z" },
    { url = "https://files.pythonhosted.org/packages/aa/77/8f8fae05a242ef639de963d7ae70a69d0da61d6d72f1207b8bbf74ffd3e7/playwright-1.54.0-py3-none-win_amd64.whl", hash = "sha256:9e5aee9ae5ab1fdd44cd64153313a2045b136fcbcfb2541cc0a3d909132671a2", size = 35469311, upload-time = "2025-07-22T13:58:24.707Z" },
    { url = "https://files.pythonhosted.org/packages/33/ff/99a6f4292a90504f2927d34032a4baf6adb498dc3f7cf0f3e0e22899e310/playwright-1.54.0-py3-none-win_arm64.whl", hash = "sha256:a975815971f7b8dca505c441a4c56de1aeb56a211290f8cc214eeef5524e8d75", size = 31239119, upload-time = "2025-07-22T13:58:27.56Z" },
]

[[package]]
name = "pyee"
version = "13.0.0"
source = { registry = "https://pypi.org/simple" }
dependencies = [
    { name = "typing-extensions" },
]
sdist = { url = "https://files.pythonhosted.org/packages/95/03/1fd98d5841cd7964a27d729ccf2199602fe05eb7a405c1462eb7277945ed/pyee-13.0.0.tar.gz", hash = "sha256:b391e3c5a434d1f5118a25615001dbc8f669cf410ab67d04c4d4e07c55481c37", size = 31250, upload-time = "2025-03-17T18:53:15.955Z" }
wheels = [
    { url = "https://files.pythonhosted.org/packages/9b/4d/b9add7c84060d4c1906abe9a7e5359f2a60f7a9a4f67268b2766673427d8/pyee-13.0.0-py3-none-any.whl", hash = "sha256:48195a3cddb3b1515ce0695ed76036b5ccc2ef3a9f963ff9f77aec0139845498", size = 15730, upload-time = "2025-03-17T18:53:14.532Z" },
]

[[package]]
name = "regex"
version = "2025.7.34"
source = { registry = "https://pypi.org/simple" }
sdist = { url = "https://files.pythonhosted.org/packages/0b/de/e13fa6dc61d78b30ba47481f99933a3b49a57779d625c392d8036770a60d/regex-2025.7.34.tar.gz", hash = "sha256:9ead9765217afd04a86822dfcd4ed2747dfe426e887da413b15ff0ac2457e21a", size = 400714, upload-time = "2025-07-31T00:21:16.262Z" }
wheels = [
    { url = "https://files.pythonhosted.org/packages/15/16/b709b2119975035169a25aa8e4940ca177b1a2e25e14f8d996d09130368e/regex-2025.7.34-cp313-cp313-macosx_10_13_universal2.whl", hash = "sha256:c3c9740a77aeef3f5e3aaab92403946a8d34437db930a0280e7e81ddcada61f5", size = 485334, upload-time = "2025-07-31T00:19:56.58Z" },
    { url = "https://files.pythonhosted.org/packages/94/a6/c09136046be0595f0331bc58a0e5f89c2d324cf734e0b0ec53cf4b12a636/regex-2025.7.34-cp313-cp313-macosx_10_13_x86_64.whl", hash = "sha256:69ed3bc611540f2ea70a4080f853741ec698be556b1df404599f8724690edbcd", size = 289942, upload-time = "2025-07-31T00:19:57.943Z" },
    { url = "https://files.pythonhosted.org/packages/36/91/08fc0fd0f40bdfb0e0df4134ee37cfb16e66a1044ac56d36911fd01c69d2/regex-2025.7.34-cp313-cp313-macosx_11_0_arm64.whl", hash = "sha256:d03c6f9dcd562c56527c42b8530aad93193e0b3254a588be1f2ed378cdfdea1b", size = 285991, upload-time = "2025-07-31T00:19:59.837Z" },
    { url = "https://files.pythonhosted.org/packages/be/2f/99dc8f6f756606f0c214d14c7b6c17270b6bbe26d5c1f05cde9dbb1c551f/regex-2025.7.34-cp313-cp313-manylinux2014_aarch64.manylinux_2_17_aarch64.manylinux_2_28_aarch64.whl", hash = "sha256:6164b1d99dee1dfad33f301f174d8139d4368a9fb50bf0a3603b2eaf579963ad", size = 797415, upload-time = "2025-07-31T00:20:01.668Z" },
    { url = "https://files.pythonhosted.org/packages/62/cf/2fcdca1110495458ba4e95c52ce73b361cf1cafd8a53b5c31542cde9a15b/regex-2025.7.34-cp313-cp313-manylinux2014_ppc64le.manylinux_2_17_ppc64le.manylinux_2_28_ppc64le.whl", hash = "sha256:1e4f4f62599b8142362f164ce776f19d79bdd21273e86920a7b604a4275b4f59", size = 862487, upload-time = "2025-07-31T00:20:03.142Z" },
    { url = "https://files.pythonhosted.org/packages/90/38/899105dd27fed394e3fae45607c1983e138273ec167e47882fc401f112b9/regex-2025.7.34-cp313-cp313-manylinux2014_s390x.manylinux_2_17_s390x.manylinux_2_28_s390x.whl", hash = "sha256:72a26dcc6a59c057b292f39d41465d8233a10fd69121fa24f8f43ec6294e5415", size = 910717, upload-time = "2025-07-31T00:20:04.727Z" },
    { url = "https://files.pythonhosted.org/packages/ee/f6/4716198dbd0bcc9c45625ac4c81a435d1c4d8ad662e8576dac06bab35b17/regex-2025.7.34-cp313-cp313-manylinux2014_x86_64.manylinux_2_17_x86_64.manylinux_2_28_x86_64.whl", hash = "sha256:d5273fddf7a3e602695c92716c420c377599ed3c853ea669c1fe26218867002f", size = 801943, upload-time = "2025-07-31T00:20:07.1Z" },
    { url = "https://files.pythonhosted.org/packages/40/5d/cff8896d27e4e3dd11dd72ac78797c7987eb50fe4debc2c0f2f1682eb06d/regex-2025.7.34-cp313-cp313-musllinux_1_2_aarch64.whl", hash = "sha256:c1844be23cd40135b3a5a4dd298e1e0c0cb36757364dd6cdc6025770363e06c1", size = 786664, upload-time = "2025-07-31T00:20:08.818Z" },
    { url = "https://files.pythonhosted.org/packages/10/29/758bf83cf7b4c34f07ac3423ea03cee3eb3176941641e4ccc05620f6c0b8/regex-2025.7.34-cp313-cp313-musllinux_1_2_ppc64le.whl", hash = "sha256:dde35e2afbbe2272f8abee3b9fe6772d9b5a07d82607b5788e8508974059925c", size = 856457, upload-time = "2025-07-31T00:20:10.328Z" },
    { url = "https://files.pythonhosted.org/packages/d7/30/c19d212b619963c5b460bfed0ea69a092c6a43cba52a973d46c27b3e2975/regex-2025.7.34-cp313-cp313-musllinux_1_2_s390x.whl", hash = "sha256:f3f6e8e7af516a7549412ce57613e859c3be27d55341a894aacaa11703a4c31a", size = 849008, upload-time = "2025-07-31T00:20:11.823Z" },
    { url = "https://files.pythonhosted.org/packages/9e/b8/3c35da3b12c87e3cc00010ef6c3a4ae787cff0bc381aa3d251def219969a/regex-2025.7.34-cp313-cp313-musllinux_1_2_x86_64.whl", hash = "sha256:469142fb94a869beb25b5f18ea87646d21def10fbacb0bcb749224f3509476f0", size = 788101, upload-time = "2025-07-31T00:20:13.729Z" },
    { url = "https://files.pythonhosted.org/packages/47/80/2f46677c0b3c2b723b2c358d19f9346e714113865da0f5f736ca1a883bde/regex-2025.7.34-cp313-cp313-win32.whl", hash = "sha256:da7507d083ee33ccea1310447410c27ca11fb9ef18c95899ca57ff60a7e4d8f1", size = 264401, upload-time = "2025-07-31T00:20:15.233Z" },
    { url = "https://files.pythonhosted.org/packages/be/fa/917d64dd074682606a003cba33585c28138c77d848ef72fc77cbb1183849/regex-2025.7.34-cp313-cp313-win_amd64.whl", hash = "sha256:9d644de5520441e5f7e2db63aec2748948cc39ed4d7a87fd5db578ea4043d997", size = 275368, upload-time = "2025-07-31T00:20:16.711Z" },
    { url = "https://files.pythonhosted.org/packages/65/cd/f94383666704170a2154a5df7b16be28f0c27a266bffcd843e58bc84120f/regex-2025.7.34-cp313-cp313-win_arm64.whl", hash = "sha256:7bf1c5503a9f2cbd2f52d7e260acb3131b07b6273c470abb78568174fe6bde3f", size = 268482, upload-time = "2025-07-31T00:20:18.189Z" },
    { url = "https://files.pythonhosted.org/packages/ac/23/6376f3a23cf2f3c00514b1cdd8c990afb4dfbac3cb4a68b633c6b7e2e307/regex-2025.7.34-cp314-cp314-macosx_10_13_universal2.whl", hash = "sha256:8283afe7042d8270cecf27cca558873168e771183d4d593e3c5fe5f12402212a", size = 485385, upload-time = "2025-07-31T00:20:19.692Z" },
    { url = "https://files.pythonhosted.org/packages/73/5b/6d4d3a0b4d312adbfd6d5694c8dddcf1396708976dd87e4d00af439d962b/regex-2025.7.34-cp314-cp314-macosx_10_13_x86_64.whl", hash = "sha256:6c053f9647e3421dd2f5dff8172eb7b4eec129df9d1d2f7133a4386319b47435", size = 289788, upload-time = "2025-07-31T00:20:21.941Z" },
    { url = "https://files.pythonhosted.org/packages/92/71/5862ac9913746e5054d01cb9fb8125b3d0802c0706ef547cae1e7f4428fa/regex-2025.7.34-cp314-cp314-macosx_11_0_arm64.whl", hash = "sha256:a16dd56bbcb7d10e62861c3cd000290ddff28ea142ffb5eb3470f183628011ac", size = 286136, upload-time = "2025-07-31T00:20:26.146Z" },
    { url = "https://files.pythonhosted.org/packages/27/df/5b505dc447eb71278eba10d5ec940769ca89c1af70f0468bfbcb98035dc2/regex-2025.7.34-cp314-cp314-manylinux2014_aarch64.manylinux_2_17_aarch64.manylinux_2_28_aarch64.whl", hash = "sha256:69c593ff5a24c0d5c1112b0df9b09eae42b33c014bdca7022d6523b210b69f72", size = 797753, upload-time = "2025-07-31T00:20:27.919Z" },
    { url = "https://files.pythonhosted.org/packages/86/38/3e3dc953d13998fa047e9a2414b556201dbd7147034fbac129392363253b/regex-2025.7.34-cp314-cp314-manylinux2014_ppc64le.manylinux_2_17_ppc64le.manylinux_2_28_ppc64le.whl", hash = "sha256:98d0ce170fcde1a03b5df19c5650db22ab58af375aaa6ff07978a85c9f250f0e", size = 863263, upload-time = "2025-07-31T00:20:29.803Z" },
    { url = "https://files.pythonhosted.org/packages/68/e5/3ff66b29dde12f5b874dda2d9dec7245c2051f2528d8c2a797901497f140/regex-2025.7.34-cp314-cp314-manylinux2014_s390x.manylinux_2_17_s390x.manylinux_2_28_s390x.whl", hash = "sha256:d72765a4bff8c43711d5b0f5b452991a9947853dfa471972169b3cc0ba1d0751", size = 910103, upload-time = "2025-07-31T00:20:31.313Z" },
    { url = "https://files.pythonhosted.org/packages/9e/fe/14176f2182125977fba3711adea73f472a11f3f9288c1317c59cd16ad5e6/regex-2025.7.34-cp314-cp314-manylinux2014_x86_64.manylinux_2_17_x86_64.manylinux_2_28_x86_64.whl", hash = "sha256:4494f8fd95a77eb434039ad8460e64d57baa0434f1395b7da44015bef650d0e4", size = 801709, upload-time = "2025-07-31T00:20:33.323Z" },
    { url = "https://files.pythonhosted.org/packages/5a/0d/80d4e66ed24f1ba876a9e8e31b709f9fd22d5c266bf5f3ab3c1afe683d7d/regex-2025.7.34-cp314-cp314-musllinux_1_2_aarch64.whl", hash = "sha256:4f42b522259c66e918a0121a12429b2abcf696c6f967fa37bdc7b72e61469f98", size = 786726, upload-time = "2025-07-31T00:20:35.252Z" },
    { url = "https://files.pythonhosted.org/packages/12/75/c3ebb30e04a56c046f5c85179dc173818551037daae2c0c940c7b19152cb/regex-2025.7.34-cp314-cp314-musllinux_1_2_ppc64le.whl", hash = "sha256:aaef1f056d96a0a5d53ad47d019d5b4c66fe4be2da87016e0d43b7242599ffc7", size = 857306, upload-time = "2025-07-31T00:20:37.12Z" },
    { url = "https://files.pythonhosted.org/packages/b1/b2/a4dc5d8b14f90924f27f0ac4c4c4f5e195b723be98adecc884f6716614b6/regex-2025.7.34-cp314-cp314-musllinux_1_2_s390x.whl", hash = "sha256:656433e5b7dccc9bc0da6312da8eb897b81f5e560321ec413500e5367fcd5d47", size = 848494, upload-time = "2025-07-31T00:20:38.818Z" },
    { url = "https://files.pythonhosted.org/packages/0d/21/9ac6e07a4c5e8646a90b56b61f7e9dac11ae0747c857f91d3d2bc7c241d9/regex-2025.7.34-cp314-cp314-musllinux_1_2_x86_64.whl", hash = "sha256:e91eb2c62c39705e17b4d42d4b86c4e86c884c0d15d9c5a47d0835f8387add8e", size = 787850, upload-time = "2025-07-31T00:20:40.478Z" },
    { url = "https://files.pythonhosted.org/packages/be/6c/d51204e28e7bc54f9a03bb799b04730d7e54ff2718862b8d4e09e7110a6a/regex-2025.7.34-cp314-cp314-win32.whl", hash = "sha256:f978ddfb6216028c8f1d6b0f7ef779949498b64117fc35a939022f67f810bdcb", size = 269730, upload-time = "2025-07-31T00:20:42.253Z" },
    { url = "https://files.pythonhosted.org/packages/74/52/a7e92d02fa1fdef59d113098cb9f02c5d03289a0e9f9e5d4d6acccd10677/regex-2025.7.34-cp314-cp314-win_amd64.whl", hash = "sha256:4b7dc33b9b48fb37ead12ffc7bdb846ac72f99a80373c4da48f64b373a7abeae", size = 278640, upload-time = "2025-07-31T00:20:44.42Z" },
    { url = "https://files.pythonhosted.org/packages/d1/78/a815529b559b1771080faa90c3ab401730661f99d495ab0071649f139ebd/regex-2025.7.34-cp314-cp314-win_arm64.whl", hash = "sha256:4b8c4d39f451e64809912c82392933d80fe2e4a87eeef8859fcc5380d0173c64", size = 271757, upload-time = "2025-07-31T00:20:46.355Z" },
]

[[package]]
name = "soupsieve"
version = "2.7"
source = { registry = "https://pypi.org/simple" }
sdist = { url = "https://files.pythonhosted.org/packages/3f/f4/4a80cd6ef364b2e8b65b15816a843c0980f7a5a2b4dc701fc574952aa19f/soupsieve-2.7.tar.gz", hash = "sha256:ad282f9b6926286d2ead4750552c8a6142bc4c783fd66b0293547c8fe6ae126a", size = 103418, upload-time = "2025-04-20T18:50:08.518Z" }
wheels = [
    { url = "https://files.pythonhosted.org/packages/e7/9c/0e6afc12c269578be5c0c1c9f4b49a8d32770a080260c333ac04cc1c832d/soupsieve-2.7-py3-none-any.whl", hash = "sha256:6e60cc5c1ffaf1cebcc12e8188320b72071e922c2e897f737cadce79ad5d30c4", size = 36677, upload-time = "2025-04-20T18:50:07.196Z" },
]

[[package]]
name = "tqdm"
version = "4.67.1"
source = { registry = "https://pypi.org/simple" }
dependencies = [
    { name = "colorama", marker = "sys_platform == 'win32'" },
]
sdist = { url = "https://files.pythonhosted.org/packages/a8/4b/29b4ef32e036bb34e4ab51796dd745cdba7ed47ad142a9f4a1eb8e0c744d/tqdm-4.67.1.tar.gz", hash = "sha256:f8aef9c52c08c13a65f30ea34f4e5aac3fd1a34959879d7e59e63027286627f2", size = 169737, upload-time = "2024-11-24T20:12:22.481Z" }
wheels = [
    { url = "https://files.pythonhosted.org/packages/d0/30/dc54f88dd4a2b5dc8a0279bdd7270e735851848b762aeb1c1184ed1f6b14/tqdm-4.67.1-py3-none-any.whl", hash = "sha256:26445eca388f82e72884e0d580d5464cd801a3ea01e63e5601bdff9ba6a48de2", size = 78540, upload-time = "2024-11-24T20:12:19.698Z" },
]

[[package]]
name = "typing-extensions"
version = "4.14.1"
source = { registry = "https://pypi.org/simple" }
sdist = { url = "https://files.pythonhosted.org/packages/98/5a/da40306b885cc8c09109dc2e1abd358d5684b1425678151cdaed4731c822/typing_extensions-4.14.1.tar.gz", hash = "sha256:38b39f4aeeab64884ce9f74c94263ef78f3c22467c8724005483154c26648d36", size = 107673, upload-time = "2025-07-04T13:28:34.16Z" }
wheels = [
    { url = "https://files.pythonhosted.org/packages/b5/00/d631e67a838026495268c2f6884f3711a15a9a2a96cd244fdaea53b823fb/typing_extensions-4.14.1-py3-none-any.whl", hash = "sha256:d1e1e3b58374dc93031d6eda2420a48ea44a36c2b4766a4fdeb3710755731d76", size = 43906, upload-time = "2025-07-04T13:28:32.743Z" },
]
